
Microsoft Visual Studio Solution File, Format Version 12.00
Project("{FAE04EC0-301F-11D3-BF4B-00C04F79EFBC}") = "GameOfLife", "GameOfLife\GameOfLife.csproj", "{76CC2819-179C-4BE5-9B0C-01F19836649D}"
EndProject
Global
	GlobalSection(SolutionConfigurationPlatforms) = preSolution
		Debug|Any CPU = Debug|Any CPU
		Release|Any CPU = Release|Any CPU
	EndGlobalSection
	GlobalSection(ProjectConfigurationPlatforms) = postSolution
		{76CC2819-179C-4BE5-9B0C-01F19836649D}.Debug|Any CPU.ActiveCfg = Debug|Any CPU
		{76CC2819-179C-4BE5-9B0C-01F19836649D}.Debug|Any CPU.Build.0 = Debug|Any CPU
		{76CC2819-179C-4BE5-9B0C-01F19836649D}.Release|Any CPU.ActiveCfg = Release|Any CPU
		{76CC2819-179C-4BE5-9B0C-01F19836649D}.Release|Any CPU.Build.0 = Release|Any CPU
	EndGlobalSection
EndGlobal
